Microsoft Visual Studio Solution File, Format Version 7.00
Project("{8BC9CEB8-8B4A-11D0-8D11-00A0C91BC942}") = "ArraysNative", "ArraysNative.vcproj", "{423739DC-C224-4EDF-BDFF-843359E8520E}"
EndProject
Global
	GlobalSection(SolutionConfiguration) = preSolution
		ConfigName.0 = Debug
		ConfigName.1 = Release
	EndGlobalSection
	GlobalSection(ProjectDependencies) = postSolution
	EndGlobalSection
	GlobalSection(ProjectConfiguration) = postSolution
		{423739DC-C224-4EDF-BDFF-843359E8520E}.Debug.ActiveCfg = Debug|Win32
		{423739DC-C224-4EDF-BDFF-843359E8520E}.Debug.Build.0 = Debug|Win32
		{423739DC-C224-4EDF-BDFF-843359E8520E}.Release.ActiveCfg = Release|Win32
		{423739DC-C224-4EDF-BDFF-843359E8520E}.Release.Build.0 = Release|Win32
	EndGlobalSection
	GlobalSection(ExtensibilityGlobals) = postSolution
	EndGlobalSection
	GlobalSection(ExtensibilityAddIns) = postSolution
	EndGlobalSection
EndGlobal
